{
  "nodes": {
    "auto-cpufreq": {
      "inputs": {
        "nixpkgs": [
          "nixpkgs"
        ]
      },
      "locked": {
        "lastModified": 1712725025,
        "narHash": "sha256-tPEVWgjKte/mVc+JhE700IcxLY9nv88pAU4SVFJWfJM=",
        "owner": "AdnanHodzic",
        "repo": "auto-cpufreq",
        "rev": "5e17ee31b14b2ca1314ffb30c054fe53aaa24962",
        "type": "github"
      },
      "original": {
        "owner": "AdnanHodzic",
        "repo": "auto-cpufreq",
        "type": "github"
      }
    },
    "nixpkgs": {
      "locked": {
        "lastModified": 1712779288,
        "narHash": "sha256-vLPyheqUi/OveWoxYAW4Rxuvj37MwMbqzHBAkUZRReo=",
        "owner": "NixOS",
        "repo": "nixpkgs",
        "rev": "ddcd5f27629170e0f2d408a52ed6e90727f74de1",
        "type": "github"
      },
      "original": {
        "id": "nixpkgs",
        "ref": "master",
        "type": "indirect"
      }
    },
    "root": {
      "inputs": {
        "auto-cpufreq": "auto-cpufreq",
        "nixpkgs": "nixpkgs"
      }
    }
  },
  "root": "root",
  "version": 7
}
