{
  "nodes": {
    "auto-cpufreq": {
      "inputs": {
        "nixpkgs": [
          "nixpkgs"
        ]
      },
      "locked": {
        "lastModified": 1710805067,
        "narHash": "sha256-FO3IBvgWLkyof98A1ucq45BRfDP+/85QwXoMIxteukA=",
        "owner": "AdnanHodzic",
        "repo": "auto-cpufreq",
        "rev": "215026ad43a5398cbe2b5e485514feafba8aadd7",
        "type": "github"
      },
      "original": {
        "owner": "AdnanHodzic",
        "repo": "auto-cpufreq",
        "type": "github"
      }
    },
    "home-manager": {
      "inputs": {
        "nixpkgs": [
          "nixpkgs"
        ]
      },
      "locked": {
        "lastModified": 1712093955,
        "narHash": "sha256-94I0sXz6fiVBvUAk2tg6t3UpM5rOImj4JTSTNFbg64s=",
        "owner": "nix-community",
        "repo": "home-manager",
        "rev": "80546b220e95a575c66c213af1b09fe255299438",
        "type": "github"
      },
      "original": {
        "owner": "nix-community",
        "repo": "home-manager",
        "type": "github"
      }
    },
    "nixpkgs": {
      "locked": {
        "lastModified": 1712122226,
        "narHash": "sha256-pmgwKs8Thu1WETMqCrWUm0CkN1nmCKX3b51+EXsAZyY=",
        "owner": "NixOS",
        "repo": "nixpkgs",
        "rev": "08b9151ed40350725eb40b1fe96b0b86304a654b",
        "type": "github"
      },
      "original": {
        "id": "nixpkgs",
        "ref": "nixos-unstable",
        "type": "indirect"
      }
    },
    "obsidian-package": {
      "locked": {
        "lastModified": 1705846253,
        "narHash": "sha256-nu3zDVpNYlqTb+AIxD1tcNfMLZZ92IV4RY30gPPWHQo=",
        "owner": "yshui",
        "repo": "nixpkgs",
        "rev": "541dd115b419cbbabf31eb034cf09eab182931ca",
        "type": "github"
      },
      "original": {
        "owner": "yshui",
        "ref": "obsidion-libgl",
        "repo": "nixpkgs",
        "type": "github"
      }
    },
    "root": {
      "inputs": {
        "auto-cpufreq": "auto-cpufreq",
        "home-manager": "home-manager",
        "nixpkgs": "nixpkgs",
        "obsidian-package": "obsidian-package"
      }
    }
  },
  "root": "root",
  "version": 7
}
