{
  "nodes": {
    "auto-cpufreq": {
      "inputs": {
        "nixpkgs": [
          "nixpkgs"
        ]
      },
      "locked": {
        "lastModified": 1713200603,
        "narHash": "sha256-kBhVXS6KjZm5kHbU6b+eSzKw8wTOpe7a98PZDq4ySc0=",
        "owner": "AdnanHodzic",
        "repo": "auto-cpufreq",
        "rev": "8bb7478e38f3c9ef66b5993721f489c6099d8f68",
        "type": "github"
      },
      "original": {
        "owner": "AdnanHodzic",
        "repo": "auto-cpufreq",
        "type": "github"
      }
    },
    "nixpkgs": {
      "locked": {
        "lastModified": 1713206123,
        "narHash": "sha256-ICuTSekCxPDB59G/BuMHdFvUN/Iu/lMn/7E6QPBF7vk=",
        "owner": "NixOS",
        "repo": "nixpkgs",
        "rev": "c17c770c7a798fa413bc48cdc442c5b5ca8c173e",
        "type": "github"
      },
      "original": {
        "id": "nixpkgs",
        "ref": "master",
        "type": "indirect"
      }
    },
    "root": {
      "inputs": {
        "auto-cpufreq": "auto-cpufreq",
        "nixpkgs": "nixpkgs"
      }
    }
  },
  "root": "root",
  "version": 7
}
